// !$*UTF8*$!
{
	archiveVersion = 1;
	classes = {
	};
	objectVersion = 50;
	objects = {

/* Begin PBXBuildFile section */
		1600CBA0243A45680073350E /* ExampleViewController.swift in Sources */ = {isa = PBXBuildFile; fileRef = 1600CB9F243A45680073350E /* ExampleViewController.swift */; };
		1600CBA2243A4E0D0073350E /* DialogViewController.swift in Sources */ = {isa = PBXBuildFile; fileRef = 1600CBA1243A4E0D0073350E /* DialogViewController.swift */; };
		1600CBA4243A55060073350E /* SlideViewController.swift in Sources */ = {isa = PBXBuildFile; fileRef = 1600CBA3243A55060073350E /* SlideViewController.swift */; };
		1600CBA6243A5A740073350E /* Extensions.swift in Sources */ = {isa = PBXBuildFile; fileRef = 1600CBA5243A5A740073350E /* Extensions.swift */; };
		16395E6D2439D1BF00BC59A8 /* SlideDismissInteractiveTransition.swift in Sources */ = {isa = PBXBuildFile; fileRef = 16395E6C2439D1BF00BC59A8 /* SlideDismissInteractiveTransition.swift */; };
		16395E6F2439D7D000BC59A8 /* PopDialogTransitionManager.swift in Sources */ = {isa = PBXBuildFile; fileRef = 16395E6E2439D7D000BC59A8 /* PopDialogTransitionManager.swift */; };
		16395E742439D8CA00BC59A8 /* PopDialogAnimatorTransition.swift in Sources */ = {isa = PBXBuildFile; fileRef = 16395E732439D8CA00BC59A8 /* PopDialogAnimatorTransition.swift */; };
		16395E772439D8F600BC59A8 /* PopAnimatorTransitioning.swift in Sources */ = {isa = PBXBuildFile; fileRef = 16395E762439D8F600BC59A8 /* PopAnimatorTransitioning.swift */; };
		16395E7C2439DA3100BC59A8 /* SlideTransitionManager.swift in Sources */ = {isa = PBXBuildFile; fileRef = 16395E7B2439DA3100BC59A8 /* SlideTransitionManager.swift */; };
		16395E7E2439E83A00BC59A8 /* SlidePopTransitionAnimator.swift in Sources */ = {isa = PBXBuildFile; fileRef = 16395E7D2439E83A00BC59A8 /* SlidePopTransitionAnimator.swift */; };
		DC6DF52C2266F90100CEB6D1 /* ZoomPopTransitionAnimator.swift in Sources */ = {isa = PBXBuildFile; fileRef = DC6DF52B2266F90100CEB6D1 /* ZoomPopTransitionAnimator.swift */; };
		DC6DF5312266FF7400CEB6D1 /* BouncePopTransitionAnimator.swift in Sources */ = {isa = PBXBuildFile; fileRef = DC6DF5302266FF7400CEB6D1 /* BouncePopTransitionAnimator.swift */; };
		DCE2D23A2265F390009C6A7E /* AppDelegate.swift in Sources */ = {isa = PBXBuildFile; fileRef = DCE2D2392265F390009C6A7E /* AppDelegate.swift */; };
		DCE2D2412265F392009C6A7E /* Assets.xcassets in Resources */ = {isa = PBXBuildFile; fileRef = DCE2D2402265F392009C6A7E /* Assets.xcassets */; };
		DCE2D2442265F392009C6A7E /* LaunchScreen.storyboard in Resources */ = {isa = PBXBuildFile; fileRef = DCE2D2422265F392009C6A7E /* LaunchScreen.storyboard */; };
		DCE2D24E2265FD52009C6A7E /* BaseTransitionPresentationController.swift in Sources */ = {isa = PBXBuildFile; fileRef = DCE2D24D2265FD52009C6A7E /* BaseTransitionPresentationController.swift */; };
/* End PBXBuildFile section */

/* Begin PBXFileReference section */
		1600CB9F243A45680073350E /* ExampleViewController.swift */ = {isa = PBXFileReference; lastKnownFileType = sourcecode.swift; path = ExampleViewController.swift; sourceTree = "<group>"; };
		1600CBA1243A4E0D0073350E /* DialogViewController.swift */ = {isa = PBXFileReference; lastKnownFileType = sourcecode.swift; path = DialogViewController.swift; sourceTree = "<group>"; };
		1600CBA3243A55060073350E /* SlideViewController.swift */ = {isa = PBXFileReference; lastKnownFileType = sourcecode.swift; path = SlideViewController.swift; sourceTree = "<group>"; };
		1600CBA5243A5A740073350E /* Extensions.swift */ = {isa = PBXFileReference; lastKnownFileType = sourcecode.swift; path = Extensions.swift; sourceTree = "<group>"; };
		16395E6C2439D1BF00BC59A8 /* SlideDismissInteractiveTransition.swift */ = {isa = PBXFileReference; lastKnownFileType = sourcecode.swift; path = SlideDismissInteractiveTransition.swift; sourceTree = "<group>"; };
		16395E6E2439D7D000BC59A8 /* PopDialogTransitionManager.swift */ = {isa = PBXFileReference; fileEncoding = 4; lastKnownFileType = sourcecode.swift; path = PopDialogTransitionManager.swift; sourceTree = "<group>"; };
		16395E732439D8CA00BC59A8 /* PopDialogAnimatorTransition.swift */ = {isa = PBXFileReference; fileEncoding = 4; lastKnownFileType = sourcecode.swift; path = PopDialogAnimatorTransition.swift; sourceTree = "<group>"; };
		16395E762439D8F600BC59A8 /* PopAnimatorTransitioning.swift */ = {isa = PBXFileReference; lastKnownFileType = sourcecode.swift; path = PopAnimatorTransitioning.swift; sourceTree = "<group>"; };
		16395E7B2439DA3100BC59A8 /* SlideTransitionManager.swift */ = {isa = PBXFileReference; lastKnownFileType = sourcecode.swift; path = SlideTransitionManager.swift; sourceTree = "<group>"; };
		16395E7D2439E83A00BC59A8 /* SlidePopTransitionAnimator.swift */ = {isa = PBXFileReference; fileEncoding = 4; lastKnownFileType = sourcecode.swift; path = SlidePopTransitionAnimator.swift; sourceTree = "<group>"; };
		DC6DF52B2266F90100CEB6D1 /* ZoomPopTransitionAnimator.swift */ = {isa = PBXFileReference; lastKnownFileType = sourcecode.swift; path = ZoomPopTransitionAnimator.swift; sourceTree = "<group>"; };
		DC6DF5302266FF7400CEB6D1 /* BouncePopTransitionAnimator.swift */ = {isa = PBXFileReference; lastKnownFileType = sourcecode.swift; path = BouncePopTransitionAnimator.swift; sourceTree = "<group>"; };
		DCE2D2362265F390009C6A7E /* PopTransition.app */ = {isa = PBXFileReference; explicitFileType = wrapper.application; includeInIndex = 0; path = PopTransition.app; sourceTree = BUILT_PRODUCTS_DIR; };
		DCE2D2392265F390009C6A7E /* AppDelegate.swift */ = {isa = PBXFileReference; lastKnownFileType = sourcecode.swift; path = AppDelegate.swift; sourceTree = "<group>"; };
		DCE2D2402265F392009C6A7E /* Assets.xcassets */ = {isa = PBXFileReference; lastKnownFileType = folder.assetcatalog; path = Assets.xcassets; sourceTree = "<group>"; };
		DCE2D2432265F392009C6A7E /* Base */ = {isa = PBXFileReference; lastKnownFileType = file.storyboard; name = Base; path = Base.lproj/LaunchScreen.storyboard; sourceTree = "<group>"; };
		DCE2D2452265F392009C6A7E /* Info.plist */ = {isa = PBXFileReference; lastKnownFileType = text.plist.xml; path = Info.plist; sourceTree = "<group>"; };
		DCE2D24D2265FD52009C6A7E /* BaseTransitionPresentationController.swift */ = {isa = PBXFileReference; lastKnownFileType = sourcecode.swift; path = BaseTransitionPresentationController.swift; sourceTree = "<group>"; };
/* End PBXFileReference section */

/* Begin PBXFrameworksBuildPhase section */
		DCE2D2332265F390009C6A7E /* Frameworks */ = {
			isa = PBXFrameworksBuildPhase;
			buildActionMask = 2147483647;
			files = (
			);
			runOnlyForDeploymentPostprocessing = 0;
		};
/* End PBXFrameworksBuildPhase section */

/* Begin PBXGroup section */
		1600CB9E243A44D40073350E /* ViewControllers */ = {
			isa = PBXGroup;
			children = (
				1600CB9F243A45680073350E /* ExampleViewController.swift */,
				1600CBA1243A4E0D0073350E /* DialogViewController.swift */,
				1600CBA3243A55060073350E /* SlideViewController.swift */,
			);
			path = ViewControllers;
			sourceTree = "<group>";
		};
		1600CBA7243A6DB10073350E /* Shit */ = {
			isa = PBXGroup;
			children = (
				DCE2D2392265F390009C6A7E /* AppDelegate.swift */,
				DCE2D2402265F392009C6A7E /* Assets.xcassets */,
				DCE2D2422265F392009C6A7E /* LaunchScreen.storyboard */,
			);
			path = Shit;
			sourceTree = "<group>";
		};
		16395E662439193F00BC59A8 /* Bounce */ = {
			isa = PBXGroup;
			children = (
				DC6DF5302266FF7400CEB6D1 /* BouncePopTransitionAnimator.swift */,
			);
			path = Bounce;
			sourceTree = "<group>";
		};
		16395E672439195B00BC59A8 /* Zoom */ = {
			isa = PBXGroup;
			children = (
				DC6DF52B2266F90100CEB6D1 /* ZoomPopTransitionAnimator.swift */,
			);
			path = Zoom;
			sourceTree = "<group>";
		};
		16395E682439196B00BC59A8 /* Slide */ = {
			isa = PBXGroup;
			children = (
				16395E792439DA0800BC59A8 /* Transitions */,
				16395E7A2439DA0D00BC59A8 /* Manager */,
				16395E6B2439D18C00BC59A8 /* Interaction */,
			);
			path = Slide;
			sourceTree = "<group>";
		};
		16395E6B2439D18C00BC59A8 /* Interaction */ = {
			isa = PBXGroup;
			children = (
				16395E6C2439D1BF00BC59A8 /* SlideDismissInteractiveTransition.swift */,
			);
			path = Interaction;
			sourceTree = "<group>";
		};
		16395E702439D7D600BC59A8 /* Dialog */ = {
			isa = PBXGroup;
			children = (
				16395E722439D7FA00BC59A8 /* Transitions */,
				16395E712439D7EA00BC59A8 /* Manager */,
			);
			path = Dialog;
			sourceTree = "<group>";
		};
		16395E712439D7EA00BC59A8 /* Manager */ = {
			isa = PBXGroup;
			children = (
				16395E6E2439D7D000BC59A8 /* PopDialogTransitionManager.swift */,
			);
			path = Manager;
			sourceTree = "<group>";
		};
		16395E722439D7FA00BC59A8 /* Transitions */ = {
			isa = PBXGroup;
			children = (
				16395E732439D8CA00BC59A8 /* PopDialogAnimatorTransition.swift */,
				16395E672439195B00BC59A8 /* Zoom */,
				16395E662439193F00BC59A8 /* Bounce */,
			);
			path = Transitions;
			sourceTree = "<group>";
		};
		16395E752439D8ED00BC59A8 /* Common */ = {
			isa = PBXGroup;
			children = (
				DCE2D24D2265FD52009C6A7E /* BaseTransitionPresentationController.swift */,
				16395E762439D8F600BC59A8 /* PopAnimatorTransitioning.swift */,
			);
			path = Common;
			sourceTree = "<group>";
		};
		16395E792439DA0800BC59A8 /* Transitions */ = {
			isa = PBXGroup;
			children = (
				16395E7D2439E83A00BC59A8 /* SlidePopTransitionAnimator.swift */,
			);
			path = Transitions;
			sourceTree = "<group>";
		};
		16395E7A2439DA0D00BC59A8 /* Manager */ = {
			isa = PBXGroup;
			children = (
				16395E7B2439DA3100BC59A8 /* SlideTransitionManager.swift */,
			);
			path = Manager;
			sourceTree = "<group>";
		};
		DC6DF52A2266F8E200CEB6D1 /* PopTransitionAnimator */ = {
			isa = PBXGroup;
			children = (
				16395E752439D8ED00BC59A8 /* Common */,
				16395E702439D7D600BC59A8 /* Dialog */,
				16395E682439196B00BC59A8 /* Slide */,
			);
			path = PopTransitionAnimator;
			sourceTree = "<group>";
		};
		DCE2D22D2265F390009C6A7E = {
			isa = PBXGroup;
			children = (
				DCE2D2382265F390009C6A7E /* PopTransition */,
				DCE2D2372265F390009C6A7E /* Products */,
			);
			sourceTree = "<group>";
		};
		DCE2D2372265F390009C6A7E /* Products */ = {
			isa = PBXGroup;
			children = (
				DCE2D2362265F390009C6A7E /* PopTransition.app */,
			);
			name = Products;
			sourceTree = "<group>";
		};
		DCE2D2382265F390009C6A7E /* PopTransition */ = {
			isa = PBXGroup;
			children = (
				DCE2D2452265F392009C6A7E /* Info.plist */,
				1600CBA7243A6DB10073350E /* Shit */,
				1600CB9E243A44D40073350E /* ViewControllers */,
				DC6DF52A2266F8E200CEB6D1 /* PopTransitionAnimator */,
				1600CBA5243A5A740073350E /* Extensions.swift */,
			);
			path = PopTransition;
			sourceTree = "<group>";
		};
/* End PBXGroup section */

/* Begin PBXNativeTarget section */
		DCE2D2352265F390009C6A7E /* PopTransition */ = {
			isa = PBXNativeTarget;
			buildConfigurationList = DCE2D2482265F392009C6A7E /* Build configuration list for PBXNativeTarget "PopTransition" */;
			buildPhases = (
				DCE2D2322265F390009C6A7E /* Sources */,
				DCE2D2332265F390009C6A7E /* Frameworks */,
				DCE2D2342265F390009C6A7E /* Resources */,
			);
			buildRules = (
			);
			dependencies = (
			);
			name = PopTransition;
			productName = PopTransition;
			productReference = DCE2D2362265F390009C6A7E /* PopTransition.app */;
			productType = "com.apple.product-type.application";
		};
/* End PBXNativeTarget section */

/* Begin PBXProject section */
		DCE2D22E2265F390009C6A7E /* Project object */ = {
			isa = PBXProject;
			attributes = {
				LastSwiftUpdateCheck = 1010;
				LastUpgradeCheck = 1010;
				ORGANIZATIONNAME = X349471;
				TargetAttributes = {
					DCE2D2352265F390009C6A7E = {
						CreatedOnToolsVersion = 10.1;
					};
				};
			};
			buildConfigurationList = DCE2D2312265F390009C6A7E /* Build configuration list for PBXProject "PopTransition" */;
			compatibilityVersion = "Xcode 9.3";
			developmentRegion = en;
			hasScannedForEncodings = 0;
			knownRegions = (
				en,
				Base,
			);
			mainGroup = DCE2D22D2265F390009C6A7E;
			productRefGroup = DCE2D2372265F390009C6A7E /* Products */;
			projectDirPath = "";
			projectRoot = "";
			targets = (
				DCE2D2352265F390009C6A7E /* PopTransition */,
			);
		};
/* End PBXProject section */

/* Begin PBXResourcesBuildPhase section */
		DCE2D2342265F390009C6A7E /* Resources */ = {
			isa = PBXResourcesBuildPhase;
			buildActionMask = 2147483647;
			files = (
				DCE2D2442265F392009C6A7E /* LaunchScreen.storyboard in Resources */,
				DCE2D2412265F392009C6A7E /* Assets.xcassets in Resources */,
			);
			runOnlyForDeploymentPostprocessing = 0;
		};
/* End PBXResourcesBuildPhase section */

/* Begin PBXSourcesBuildPhase section */
		DCE2D2322265F390009C6A7E /* Sources */ = {
			isa = PBXSourcesBuildPhase;
			buildActionMask = 2147483647;
			files = (
				16395E6D2439D1BF00BC59A8 /* SlideDismissInteractiveTransition.swift in Sources */,
				DCE2D24E2265FD52009C6A7E /* BaseTransitionPresentationController.swift in Sources */,
				16395E772439D8F600BC59A8 /* PopAnimatorTransitioning.swift in Sources */,
				16395E7E2439E83A00BC59A8 /* SlidePopTransitionAnimator.swift in Sources */,
				1600CBA0243A45680073350E /* ExampleViewController.swift in Sources */,
				16395E742439D8CA00BC59A8 /* PopDialogAnimatorTransition.swift in Sources */,
				DC6DF52C2266F90100CEB6D1 /* ZoomPopTransitionAnimator.swift in Sources */,
				1600CBA2243A4E0D0073350E /* DialogViewController.swift in Sources */,
				16395E7C2439DA3100BC59A8 /* SlideTransitionManager.swift in Sources */,
				1600CBA6243A5A740073350E /* Extensions.swift in Sources */,
				16395E6F2439D7D000BC59A8 /* PopDialogTransitionManager.swift in Sources */,
				DCE2D23A2265F390009C6A7E /* AppDelegate.swift in Sources */,
				1600CBA4243A55060073350E /* SlideViewController.swift in Sources */,
				DC6DF5312266FF7400CEB6D1 /* BouncePopTransitionAnimator.swift in Sources */,
			);
			runOnlyForDeploymentPostprocessing = 0;
		};
/* End PBXSourcesBuildPhase section */

/* Begin PBXVariantGroup section */
		DCE2D2422265F392009C6A7E /* LaunchScreen.storyboard */ = {
			isa = PBXVariantGroup;
			children = (
				DCE2D2432265F392009C6A7E /* Base */,
			);
			name = LaunchScreen.storyboard;
			sourceTree = "<group>";
		};
/* End PBXVariantGroup section */

/* Begin XCBuildConfiguration section */
		DCE2D2462265F392009C6A7E /* Debug */ = {
			isa = XCBuildConfiguration;
			buildSettings = {
				ALWAYS_SEARCH_USER_PATHS = NO;
				CLANG_ANALYZER_NONNULL = YES;
				CLANG_ANALYZER_NUMBER_OBJECT_CONVERSION = YES_AGGRESSIVE;
				CLANG_CXX_LANGUAGE_STANDARD = "gnu++14";
				CLANG_CXX_LIBRARY = "libc++";
				CLANG_ENABLE_MODULES = YES;
				CLANG_ENABLE_OBJC_ARC = YES;
				CLANG_ENABLE_OBJC_WEAK = YES;
				CLANG_WARN_BLOCK_CAPTURE_AUTORELEASING = YES;
				CLANG_WARN_BOOL_CONVERSION = YES;
				CLANG_WARN_COMMA = YES;
				CLANG_WARN_CONSTANT_CONVERSION = YES;
				CLANG_WARN_DEPRECATED_OBJC_IMPLEMENTATIONS = YES;
				CLANG_WARN_DIRECT_OBJC_ISA_USAGE = YES_ERROR;
				CLANG_WARN_DOCUMENTATION_COMMENTS = YES;
				CLANG_WARN_EMPTY_BODY = YES;
				CLANG_WARN_ENUM_CONVERSION = YES;
				CLANG_WARN_INFINITE_RECURSION = YES;
				CLANG_WARN_INT_CONVERSION = YES;
				CLANG_WARN_NON_LITERAL_NULL_CONVERSION = YES;
				CLANG_WARN_OBJC_IMPLICIT_RETAIN_SELF = YES;
				CLANG_WARN_OBJC_LITERAL_CONVERSION = YES;
				CLANG_WARN_OBJC_ROOT_CLASS = YES_ERROR;
				CLANG_WARN_RANGE_LOOP_ANALYSIS = YES;
				CLANG_WARN_STRICT_PROTOTYPES = YES;
				CLANG_WARN_SUSPICIOUS_MOVE = YES;
				CLANG_WARN_UNGUARDED_AVAILABILITY = YES_AGGRESSIVE;
				CLANG_WARN_UNREACHABLE_CODE = YES;
				CLANG_WARN__DUPLICATE_METHOD_MATCH = YES;
				CODE_SIGN_IDENTITY = "iPhone Developer";
				COPY_PHASE_STRIP = NO;
				DEBUG_INFORMATION_FORMAT = dwarf;
				ENABLE_STRICT_OBJC_MSGSEND = YES;
				ENABLE_TESTABILITY = YES;
				GCC_C_LANGUAGE_STANDARD = gnu11;
				GCC_DYNAMIC_NO_PIC = NO;
				GCC_NO_COMMON_BLOCKS = YES;
				GCC_OPTIMIZATION_LEVEL = 0;
				GCC_PREPROCESSOR_DEFINITIONS = (
					"DEBUG=1",
					"$(inherited)",
				);
				GCC_WARN_64_TO_32_BIT_CONVERSION = YES;
				GCC_WARN_ABOUT_RETURN_TYPE = YES_ERROR;
				GCC_WARN_UNDECLARED_SELECTOR = YES;
				GCC_WARN_UNINITIALIZED_AUTOS = YES_AGGRESSIVE;
				GCC_WARN_UNUSED_FUNCTION = YES;
				GCC_WARN_UNUSED_VARIABLE = YES;
				IPHONEOS_DEPLOYMENT_TARGET = 12.1;
				MTL_ENABLE_DEBUG_INFO = INCLUDE_SOURCE;
				MTL_FAST_MATH = YES;
				ONLY_ACTIVE_ARCH = YES;
				SDKROOT = iphoneos;
				SWIFT_ACTIVE_COMPILATION_CONDITIONS = DEBUG;
				SWIFT_OPTIMIZATION_LEVEL = "-Onone";
			};
			name = Debug;
		};
		DCE2D2472265F392009C6A7E /* Release */ = {
			isa = XCBuildConfiguration;
			buildSettings = {
				ALWAYS_SEARCH_USER_PATHS = NO;
				CLANG_ANALYZER_NONNULL = YES;
				CLANG_ANALYZER_NUMBER_OBJECT_CONVERSION = YES_AGGRESSIVE;
				CLANG_CXX_LANGUAGE_STANDARD = "gnu++14";
				CLANG_CXX_LIBRARY = "libc++";
				CLANG_ENABLE_MODULES = YES;
				CLANG_ENABLE_OBJC_ARC = YES;
				CLANG_ENABLE_OBJC_WEAK = YES;
				CLANG_WARN_BLOCK_CAPTURE_AUTORELEASING = YES;
				CLANG_WARN_BOOL_CONVERSION = YES;
				CLANG_WARN_COMMA = YES;
				CLANG_WARN_CONSTANT_CONVERSION = YES;
				CLANG_WARN_DEPRECATED_OBJC_IMPLEMENTATIONS = YES;
				CLANG_WARN_DIRECT_OBJC_ISA_USAGE = YES_ERROR;
				CLANG_WARN_DOCUMENTATION_COMMENTS = YES;
				CLANG_WARN_EMPTY_BODY = YES;
				CLANG_WARN_ENUM_CONVERSION = YES;
				CLANG_WARN_INFINITE_RECURSION = YES;
				CLANG_WARN_INT_CONVERSION = YES;
				CLANG_WARN_NON_LITERAL_NULL_CONVERSION = YES;
				CLANG_WARN_OBJC_IMPLICIT_RETAIN_SELF = YES;
				CLANG_WARN_OBJC_LITERAL_CONVERSION = YES;
				CLANG_WARN_OBJC_ROOT_CLASS = YES_ERROR;
				CLANG_WARN_RANGE_LOOP_ANALYSIS = YES;
				CLANG_WARN_STRICT_PROTOTYPES = YES;
				CLANG_WARN_SUSPICIOUS_MOVE = YES;
				CLANG_WARN_UNGUARDED_AVAILABILITY = YES_AGGRESSIVE;
				CLANG_WARN_UNREACHABLE_CODE = YES;
				CLANG_WARN__DUPLICATE_METHOD_MATCH = YES;
				CODE_SIGN_IDENTITY = "iPhone Developer";
				COPY_PHASE_STRIP = NO;
				DEBUG_INFORMATION_FORMAT = "dwarf-with-dsym";
				ENABLE_NS_ASSERTIONS = NO;
				ENABLE_STRICT_OBJC_MSGSEND = YES;
				GCC_C_LANGUAGE_STANDARD = gnu11;
				GCC_NO_COMMON_BLOCKS = YES;
				GCC_WARN_64_TO_32_BIT_CONVERSION = YES;
				GCC_WARN_ABOUT_RETURN_TYPE = YES_ERROR;
				GCC_WARN_UNDECLARED_SELECTOR = YES;
				GCC_WARN_UNINITIALIZED_AUTOS = YES_AGGRESSIVE;
				GCC_WARN_UNUSED_FUNCTION = YES;
				GCC_WARN_UNUSED_VARIABLE = YES;
				IPHONEOS_DEPLOYMENT_TARGET = 12.1;
				MTL_ENABLE_DEBUG_INFO = NO;
				MTL_FAST_MATH = YES;
				SDKROOT = iphoneos;
				SWIFT_COMPILATION_MODE = wholemodule;
				SWIFT_OPTIMIZATION_LEVEL = "-O";
				VALIDATE_PRODUCT = YES;
			};
			name = Release;
		};
		DCE2D2492265F392009C6A7E /* Debug */ = {
			isa = XCBuildConfiguration;
			buildSettings = {
				ASSETCATALOG_COMPILER_APPICON_NAME = AppIcon;
				CODE_SIGN_STYLE = Automatic;
				DEVELOPMENT_TEAM = G27G5GURR5;
				INFOPLIST_FILE = PopTransition/Info.plist;
				IPHONEOS_DEPLOYMENT_TARGET = 12.1;
				LD_RUNPATH_SEARCH_PATHS = (
					"$(inherited)",
					"@executable_path/Frameworks",
				);
				PRODUCT_BUNDLE_IDENTIFIER = pl.makowski.grzegorz.PopTransition;
				PRODUCT_NAME = "$(TARGET_NAME)";
				SWIFT_VERSION = 5.0;
				TARGETED_DEVICE_FAMILY = "1,2";
			};
			name = Debug;
		};
		DCE2D24A2265F392009C6A7E /* Release */ = {
			isa = XCBuildConfiguration;
			buildSettings = {
				ASSETCATALOG_COMPILER_APPICON_NAME = AppIcon;
				CODE_SIGN_STYLE = Automatic;
				DEVELOPMENT_TEAM = G27G5GURR5;
				INFOPLIST_FILE = PopTransition/Info.plist;
				IPHONEOS_DEPLOYMENT_TARGET = 12.1;
				LD_RUNPATH_SEARCH_PATHS = (
					"$(inherited)",
					"@executable_path/Frameworks",
				);
				PRODUCT_BUNDLE_IDENTIFIER = pl.makowski.grzegorz.PopTransition;
				PRODUCT_NAME = "$(TARGET_NAME)";
				SWIFT_VERSION = 5.0;
				TARGETED_DEVICE_FAMILY = "1,2";
			};
			name = Release;
		};
/* End XCBuildConfiguration section */

/* Begin XCConfigurationList section */
		DCE2D2312265F390009C6A7E /* Build configuration list for PBXProject "PopTransition" */ = {
			isa = XCConfigurationList;
			buildConfigurations = (
				DCE2D2462265F392009C6A7E /* Debug */,
				DCE2D2472265F392009C6A7E /* Release */,
			);
			defaultConfigurationIsVisible = 0;
			defaultConfigurationName = Release;
		};
		DCE2D2482265F392009C6A7E /* Build configuration list for PBXNativeTarget "PopTransition" */ = {
			isa = XCConfigurationList;
			buildConfigurations = (
				DCE2D2492265F392009C6A7E /* Debug */,
				DCE2D24A2265F392009C6A7E /* Release */,
			);
			defaultConfigurationIsVisible = 0;
			defaultConfigurationName = Release;
		};
/* End XCConfigurationList section */
	};
	rootObject = DCE2D22E2265F390009C6A7E /* Project object */;
}
